{
    "_meta": {
        "hash": {
            "sha256": "5c9e006b23db31abc6d9ab75cb53df1061afd13fc6410c2c8761943ce73a7e1f"
        },
        "pipfile-spec": 6,
        "requires": {
            "python_version": "3.12"
        },
        "sources": [
            {
                "name": "pypi",
                "url": "https://pypi.org/simple",
                "verify_ssl": true
            }
        ]
    },
    "default": {},
    "develop": {}
}
